// !$*UTF8*$!
{
	archiveVersion = 1;
	classes = {
	};
	objectVersion = 56;
	objects = {

/* Begin PBXBuildFile section */
		F1CFEBDA2B168D8E007A70F5 /* NearMeApp.swift in Sources */ = {isa = PBXBuildFile; fileRef = F1CFEBD92B168D8E007A70F5 /* NearMeApp.swift */; };
		F1CFEBDC2B168D8E007A70F5 /* ContentView.swift in Sources */ = {isa = PBXBuildFile; fileRef = F1CFEBDB2B168D8E007A70F5 /* ContentView.swift */; };
		F1CFEBDE2B168D90007A70F5 /* Assets.xcassets in Resources */ = {isa = PBXBuildFile; fileRef = F1CFEBDD2B168D90007A70F5 /* Assets.xcassets */; };
		F1CFEBE12B168D90007A70F5 /* Preview Assets.xcassets in Resources */ = {isa = PBXBuildFile; fileRef = F1CFEBE02B168D90007A70F5 /* Preview Assets.xcassets */; };
		F1CFEBE92B1848FC007A70F5 /* LocationManager.swift in Sources */ = {isa = PBXBuildFile; fileRef = F1CFEBE82B1848FC007A70F5 /* LocationManager.swift */; };
		F1CFEBEC2B1AFB9F007A70F5 /* MKCoordinateRegion+Extensions.swift in Sources */ = {isa = PBXBuildFile; fileRef = F1CFEBEB2B1AFB9F007A70F5 /* MKCoordinateRegion+Extensions.swift */; };
		F1CFEBEF2B1B0430007A70F5 /* MapUtilities.swift in Sources */ = {isa = PBXBuildFile; fileRef = F1CFEBEE2B1B0430007A70F5 /* MapUtilities.swift */; };
		F1CFEBF22B1BF39B007A70F5 /* PlaceView.swift in Sources */ = {isa = PBXBuildFile; fileRef = F1CFEBF12B1BF39B007A70F5 /* PlaceView.swift */; };
		F1CFEBF42B1C017C007A70F5 /* PreviewData.swift in Sources */ = {isa = PBXBuildFile; fileRef = F1CFEBF32B1C017C007A70F5 /* PreviewData.swift */; };
		F1CFEBF62B1C0702007A70F5 /* SearchOptionsView.swift in Sources */ = {isa = PBXBuildFile; fileRef = F1CFEBF52B1C0702007A70F5 /* SearchOptionsView.swift */; };
		F1CFEBF82B1EEB8B007A70F5 /* SearchBarView.swift in Sources */ = {isa = PBXBuildFile; fileRef = F1CFEBF72B1EEB8B007A70F5 /* SearchBarView.swift */; };
		F1CFEBFA2B1FE1E5007A70F5 /* PlaceListView.swift in Sources */ = {isa = PBXBuildFile; fileRef = F1CFEBF92B1FE1E5007A70F5 /* PlaceListView.swift */; };
		F1CFEBFC2B203F3D007A70F5 /* MeasurementFormatter+Extension.swift in Sources */ = {isa = PBXBuildFile; fileRef = F1CFEBFB2B203F3D007A70F5 /* MeasurementFormatter+Extension.swift */; };
		F1CFEBFE2B241098007A70F5 /* SelectedPlaceDetailView.swift in Sources */ = {isa = PBXBuildFile; fileRef = F1CFEBFD2B241098007A70F5 /* SelectedPlaceDetailView.swift */; };
		F1CFEC002B2919E2007A70F5 /* ActionButtons.swift in Sources */ = {isa = PBXBuildFile; fileRef = F1CFEBFF2B2919E2007A70F5 /* ActionButtons.swift */; };
/* End PBXBuildFile section */

/* Begin PBXFileReference section */
		F1CFEBD62B168D8E007A70F5 /* NearMe.app */ = {isa = PBXFileReference; explicitFileType = wrapper.application; includeInIndex = 0; path = NearMe.app; sourceTree = BUILT_PRODUCTS_DIR; };
		F1CFEBD92B168D8E007A70F5 /* NearMeApp.swift */ = {isa = PBXFileReference; lastKnownFileType = sourcecode.swift; path = NearMeApp.swift; sourceTree = "<group>"; };
		F1CFEBDB2B168D8E007A70F5 /* ContentView.swift */ = {isa = PBXFileReference; lastKnownFileType = sourcecode.swift; path = ContentView.swift; sourceTree = "<group>"; };
		F1CFEBDD2B168D90007A70F5 /* Assets.xcassets */ = {isa = PBXFileReference; lastKnownFileType = folder.assetcatalog; path = Assets.xcassets; sourceTree = "<group>"; };
		F1CFEBE02B168D90007A70F5 /* Preview Assets.xcassets */ = {isa = PBXFileReference; lastKnownFileType = folder.assetcatalog; path = "Preview Assets.xcassets"; sourceTree = "<group>"; };
		F1CFEBE82B1848FC007A70F5 /* LocationManager.swift */ = {isa = PBXFileReference; lastKnownFileType = sourcecode.swift; path = LocationManager.swift; sourceTree = "<group>"; };
		F1CFEBEB2B1AFB9F007A70F5 /* MKCoordinateRegion+Extensions.swift */ = {isa = PBXFileReference; lastKnownFileType = sourcecode.swift; path = "MKCoordinateRegion+Extensions.swift"; sourceTree = "<group>"; };
		F1CFEBEE2B1B0430007A70F5 /* MapUtilities.swift */ = {isa = PBXFileReference; lastKnownFileType = sourcecode.swift; path = MapUtilities.swift; sourceTree = "<group>"; };
		F1CFEBF12B1BF39B007A70F5 /* PlaceView.swift */ = {isa = PBXFileReference; lastKnownFileType = sourcecode.swift; path = PlaceView.swift; sourceTree = "<group>"; };
		F1CFEBF32B1C017C007A70F5 /* PreviewData.swift */ = {isa = PBXFileReference; lastKnownFileType = sourcecode.swift; path = PreviewData.swift; sourceTree = "<group>"; };
		F1CFEBF52B1C0702007A70F5 /* SearchOptionsView.swift */ = {isa = PBXFileReference; lastKnownFileType = sourcecode.swift; path = SearchOptionsView.swift; sourceTree = "<group>"; };
		F1CFEBF72B1EEB8B007A70F5 /* SearchBarView.swift */ = {isa = PBXFileReference; lastKnownFileType = sourcecode.swift; path = SearchBarView.swift; sourceTree = "<group>"; };
		F1CFEBF92B1FE1E5007A70F5 /* PlaceListView.swift */ = {isa = PBXFileReference; lastKnownFileType = sourcecode.swift; path = PlaceListView.swift; sourceTree = "<group>"; };
		F1CFEBFB2B203F3D007A70F5 /* MeasurementFormatter+Extension.swift */ = {isa = PBXFileReference; lastKnownFileType = sourcecode.swift; path = "MeasurementFormatter+Extension.swift"; sourceTree = "<group>"; };
		F1CFEBFD2B241098007A70F5 /* SelectedPlaceDetailView.swift */ = {isa = PBXFileReference; lastKnownFileType = sourcecode.swift; path = SelectedPlaceDetailView.swift; sourceTree = "<group>"; };
		F1CFEBFF2B2919E2007A70F5 /* ActionButtons.swift */ = {isa = PBXFileReference; lastKnownFileType = sourcecode.swift; path = ActionButtons.swift; sourceTree = "<group>"; };
/* End PBXFileReference section */

/* Begin PBXFrameworksBuildPhase section */
		F1CFEBD32B168D8E007A70F5 /* Frameworks */ = {
			isa = PBXFrameworksBuildPhase;
			buildActionMask = 2147483647;
			files = (
			);
			runOnlyForDeploymentPostprocessing = 0;
		};
/* End PBXFrameworksBuildPhase section */

/* Begin PBXGroup section */
		F1CFEBCD2B168D8E007A70F5 = {
			isa = PBXGroup;
			children = (
				F1CFEBD82B168D8E007A70F5 /* NearMe */,
				F1CFEBD72B168D8E007A70F5 /* Products */,
			);
			sourceTree = "<group>";
		};
		F1CFEBD72B168D8E007A70F5 /* Products */ = {
			isa = PBXGroup;
			children = (
				F1CFEBD62B168D8E007A70F5 /* NearMe.app */,
			);
			name = Products;
			sourceTree = "<group>";
		};
		F1CFEBD82B168D8E007A70F5 /* NearMe */ = {
			isa = PBXGroup;
			children = (
				F1CFEBF02B1BF379007A70F5 /* Views */,
				F1CFEBED2B1B0413007A70F5 /* Utils */,
				F1CFEBEA2B1AFB6D007A70F5 /* Extensions */,
				F1CFEBE72B1848E6007A70F5 /* Managers */,
				F1CFEBD92B168D8E007A70F5 /* NearMeApp.swift */,
				F1CFEBDD2B168D90007A70F5 /* Assets.xcassets */,
				F1CFEBDF2B168D90007A70F5 /* Preview Content */,
			);
			path = NearMe;
			sourceTree = "<group>";
		};
		F1CFEBDF2B168D90007A70F5 /* Preview Content */ = {
			isa = PBXGroup;
			children = (
				F1CFEBE02B168D90007A70F5 /* Preview Assets.xcassets */,
				F1CFEBF32B1C017C007A70F5 /* PreviewData.swift */,
			);
			path = "Preview Content";
			sourceTree = "<group>";
		};
		F1CFEBE72B1848E6007A70F5 /* Managers */ = {
			isa = PBXGroup;
			children = (
				F1CFEBE82B1848FC007A70F5 /* LocationManager.swift */,
			);
			path = Managers;
			sourceTree = "<group>";
		};
		F1CFEBEA2B1AFB6D007A70F5 /* Extensions */ = {
			isa = PBXGroup;
			children = (
				F1CFEBEB2B1AFB9F007A70F5 /* MKCoordinateRegion+Extensions.swift */,
				F1CFEBFB2B203F3D007A70F5 /* MeasurementFormatter+Extension.swift */,
			);
			path = Extensions;
			sourceTree = "<group>";
		};
		F1CFEBED2B1B0413007A70F5 /* Utils */ = {
			isa = PBXGroup;
			children = (
				F1CFEBEE2B1B0430007A70F5 /* MapUtilities.swift */,
			);
			path = Utils;
			sourceTree = "<group>";
		};
		F1CFEBF02B1BF379007A70F5 /* Views */ = {
			isa = PBXGroup;
			children = (
				F1CFEBDB2B168D8E007A70F5 /* ContentView.swift */,
				F1CFEBF12B1BF39B007A70F5 /* PlaceView.swift */,
				F1CFEBF52B1C0702007A70F5 /* SearchOptionsView.swift */,
				F1CFEBF72B1EEB8B007A70F5 /* SearchBarView.swift */,
				F1CFEBF92B1FE1E5007A70F5 /* PlaceListView.swift */,
				F1CFEBFD2B241098007A70F5 /* SelectedPlaceDetailView.swift */,
				F1CFEBFF2B2919E2007A70F5 /* ActionButtons.swift */,
			);
			path = Views;
			sourceTree = "<group>";
		};
/* End PBXGroup section */

/* Begin PBXNativeTarget section */
		F1CFEBD52B168D8E007A70F5 /* NearMe */ = {
			isa = PBXNativeTarget;
			buildConfigurationList = F1CFEBE42B168D90007A70F5 /* Build configuration list for PBXNativeTarget "NearMe" */;
			buildPhases = (
				F1CFEBD22B168D8E007A70F5 /* Sources */,
				F1CFEBD32B168D8E007A70F5 /* Frameworks */,
				F1CFEBD42B168D8E007A70F5 /* Resources */,
			);
			buildRules = (
			);
			dependencies = (
			);
			name = NearMe;
			productName = NearMe;
			productReference = F1CFEBD62B168D8E007A70F5 /* NearMe.app */;
			productType = "com.apple.product-type.application";
		};
/* End PBXNativeTarget section */

/* Begin PBXProject section */
		F1CFEBCE2B168D8E007A70F5 /* Project object */ = {
			isa = PBXProject;
			attributes = {
				BuildIndependentTargetsInParallel = 1;
				LastSwiftUpdateCheck = 1500;
				LastUpgradeCheck = 1500;
				TargetAttributes = {
					F1CFEBD52B168D8E007A70F5 = {
						CreatedOnToolsVersion = 15.0;
					};
				};
			};
			buildConfigurationList = F1CFEBD12B168D8E007A70F5 /* Build configuration list for PBXProject "NearMe" */;
			compatibilityVersion = "Xcode 14.0";
			developmentRegion = en;
			hasScannedForEncodings = 0;
			knownRegions = (
				en,
				Base,
			);
			mainGroup = F1CFEBCD2B168D8E007A70F5;
			productRefGroup = F1CFEBD72B168D8E007A70F5 /* Products */;
			projectDirPath = "";
			projectRoot = "";
			targets = (
				F1CFEBD52B168D8E007A70F5 /* NearMe */,
			);
		};
/* End PBXProject section */

/* Begin PBXResourcesBuildPhase section */
		F1CFEBD42B168D8E007A70F5 /* Resources */ = {
			isa = PBXResourcesBuildPhase;
			buildActionMask = 2147483647;
			files = (
				F1CFEBE12B168D90007A70F5 /* Preview Assets.xcassets in Resources */,
				F1CFEBDE2B168D90007A70F5 /* Assets.xcassets in Resources */,
			);
			runOnlyForDeploymentPostprocessing = 0;
		};
/* End PBXResourcesBuildPhase section */

/* Begin PBXSourcesBuildPhase section */
		F1CFEBD22B168D8E007A70F5 /* Sources */ = {
			isa = PBXSourcesBuildPhase;
			buildActionMask = 2147483647;
			files = (
				F1CFEBF22B1BF39B007A70F5 /* PlaceView.swift in Sources */,
				F1CFEBF82B1EEB8B007A70F5 /* SearchBarView.swift in Sources */,
				F1CFEBFA2B1FE1E5007A70F5 /* PlaceListView.swift in Sources */,
				F1CFEBFC2B203F3D007A70F5 /* MeasurementFormatter+Extension.swift in Sources */,
				F1CFEBFE2B241098007A70F5 /* SelectedPlaceDetailView.swift in Sources */,
				F1CFEBDC2B168D8E007A70F5 /* ContentView.swift in Sources */,
				F1CFEBEC2B1AFB9F007A70F5 /* MKCoordinateRegion+Extensions.swift in Sources */,
				F1CFEBDA2B168D8E007A70F5 /* NearMeApp.swift in Sources */,
				F1CFEBF42B1C017C007A70F5 /* PreviewData.swift in Sources */,
				F1CFEBEF2B1B0430007A70F5 /* MapUtilities.swift in Sources */,
				F1CFEC002B2919E2007A70F5 /* ActionButtons.swift in Sources */,
				F1CFEBE92B1848FC007A70F5 /* LocationManager.swift in Sources */,
				F1CFEBF62B1C0702007A70F5 /* SearchOptionsView.swift in Sources */,
			);
			runOnlyForDeploymentPostprocessing = 0;
		};
/* End PBXSourcesBuildPhase section */

/* Begin XCBuildConfiguration section */
		F1CFEBE22B168D90007A70F5 /* Debug */ = {
			isa = XCBuildConfiguration;
			buildSettings = {
				ALWAYS_SEARCH_USER_PATHS = NO;
				ASSETCATALOG_COMPILER_GENERATE_SWIFT_ASSET_SYMBOL_EXTENSIONS = YES;
				CLANG_ANALYZER_NONNULL = YES;
				CLANG_ANALYZER_NUMBER_OBJECT_CONVERSION = YES_AGGRESSIVE;
				CLANG_CXX_LANGUAGE_STANDARD = "gnu++20";
				CLANG_ENABLE_MODULES = YES;
				CLANG_ENABLE_OBJC_ARC = YES;
				CLANG_ENABLE_OBJC_WEAK = YES;
				CLANG_WARN_BLOCK_CAPTURE_AUTORELEASING = YES;
				CLANG_WARN_BOOL_CONVERSION = YES;
				CLANG_WARN_COMMA = YES;
				CLANG_WARN_CONSTANT_CONVERSION = YES;
				CLANG_WARN_DEPRECATED_OBJC_IMPLEMENTATIONS = YES;
				CLANG_WARN_DIRECT_OBJC_ISA_USAGE = YES_ERROR;
				CLANG_WARN_DOCUMENTATION_COMMENTS = YES;
				CLANG_WARN_EMPTY_BODY = YES;
				CLANG_WARN_ENUM_CONVERSION = YES;
				CLANG_WARN_INFINITE_RECURSION = YES;
				CLANG_WARN_INT_CONVERSION = YES;
				CLANG_WARN_NON_LITERAL_NULL_CONVERSION = YES;
				CLANG_WARN_OBJC_IMPLICIT_RETAIN_SELF = YES;
				CLANG_WARN_OBJC_LITERAL_CONVERSION = YES;
				CLANG_WARN_OBJC_ROOT_CLASS = YES_ERROR;
				CLANG_WARN_QUOTED_INCLUDE_IN_FRAMEWORK_HEADER = YES;
				CLANG_WARN_RANGE_LOOP_ANALYSIS = YES;
				CLANG_WARN_STRICT_PROTOTYPES = YES;
				CLANG_WARN_SUSPICIOUS_MOVE = YES;
				CLANG_WARN_UNGUARDED_AVAILABILITY = YES_AGGRESSIVE;
				CLANG_WARN_UNREACHABLE_CODE = YES;
				CLANG_WARN__DUPLICATE_METHOD_MATCH = YES;
				COPY_PHASE_STRIP = NO;
				DEBUG_INFORMATION_FORMAT = dwarf;
				ENABLE_STRICT_OBJC_MSGSEND = YES;
				ENABLE_TESTABILITY = YES;
				ENABLE_USER_SCRIPT_SANDBOXING = YES;
				GCC_C_LANGUAGE_STANDARD = gnu17;
				GCC_DYNAMIC_NO_PIC = NO;
				GCC_NO_COMMON_BLOCKS = YES;
				GCC_OPTIMIZATION_LEVEL = 0;
				GCC_PREPROCESSOR_DEFINITIONS = (
					"DEBUG=1",
					"$(inherited)",
				);
				GCC_WARN_64_TO_32_BIT_CONVERSION = YES;
				GCC_WARN_ABOUT_RETURN_TYPE = YES_ERROR;
				GCC_WARN_UNDECLARED_SELECTOR = YES;
				GCC_WARN_UNINITIALIZED_AUTOS = YES_AGGRESSIVE;
				GCC_WARN_UNUSED_FUNCTION = YES;
				GCC_WARN_UNUSED_VARIABLE = YES;
				IPHONEOS_DEPLOYMENT_TARGET = 17.0;
				LOCALIZATION_PREFERS_STRING_CATALOGS = YES;
				MTL_ENABLE_DEBUG_INFO = INCLUDE_SOURCE;
				MTL_FAST_MATH = YES;
				ONLY_ACTIVE_ARCH = YES;
				SDKROOT = iphoneos;
				SWIFT_ACTIVE_COMPILATION_CONDITIONS = "DEBUG $(inherited)";
				SWIFT_OPTIMIZATION_LEVEL = "-Onone";
			};
			name = Debug;
		};
		F1CFEBE32B168D90007A70F5 /* Release */ = {
			isa = XCBuildConfiguration;
			buildSettings = {
				ALWAYS_SEARCH_USER_PATHS = NO;
				ASSETCATALOG_COMPILER_GENERATE_SWIFT_ASSET_SYMBOL_EXTENSIONS = YES;
				CLANG_ANALYZER_NONNULL = YES;
				CLANG_ANALYZER_NUMBER_OBJECT_CONVERSION = YES_AGGRESSIVE;
				CLANG_CXX_LANGUAGE_STANDARD = "gnu++20";
				CLANG_ENABLE_MODULES = YES;
				CLANG_ENABLE_OBJC_ARC = YES;
				CLANG_ENABLE_OBJC_WEAK = YES;
				CLANG_WARN_BLOCK_CAPTURE_AUTORELEASING = YES;
				CLANG_WARN_BOOL_CONVERSION = YES;
				CLANG_WARN_COMMA = YES;
				CLANG_WARN_CONSTANT_CONVERSION = YES;
				CLANG_WARN_DEPRECATED_OBJC_IMPLEMENTATIONS = YES;
				CLANG_WARN_DIRECT_OBJC_ISA_USAGE = YES_ERROR;
				CLANG_WARN_DOCUMENTATION_COMMENTS = YES;
				CLANG_WARN_EMPTY_BODY = YES;
				CLANG_WARN_ENUM_CONVERSION = YES;
				CLANG_WARN_INFINITE_RECURSION = YES;
				CLANG_WARN_INT_CONVERSION = YES;
				CLANG_WARN_NON_LITERAL_NULL_CONVERSION = YES;
				CLANG_WARN_OBJC_IMPLICIT_RETAIN_SELF = YES;
				CLANG_WARN_OBJC_LITERAL_CONVERSION = YES;
				CLANG_WARN_OBJC_ROOT_CLASS = YES_ERROR;
				CLANG_WARN_QUOTED_INCLUDE_IN_FRAMEWORK_HEADER = YES;
				CLANG_WARN_RANGE_LOOP_ANALYSIS = YES;
				CLANG_WARN_STRICT_PROTOTYPES = YES;
				CLANG_WARN_SUSPICIOUS_MOVE = YES;
				CLANG_WARN_UNGUARDED_AVAILABILITY = YES_AGGRESSIVE;
				CLANG_WARN_UNREACHABLE_CODE = YES;
				CLANG_WARN__DUPLICATE_METHOD_MATCH = YES;
				COPY_PHASE_STRIP = NO;
				DEBUG_INFORMATION_FORMAT = "dwarf-with-dsym";
				ENABLE_NS_ASSERTIONS = NO;
				ENABLE_STRICT_OBJC_MSGSEND = YES;
				ENABLE_USER_SCRIPT_SANDBOXING = YES;
				GCC_C_LANGUAGE_STANDARD = gnu17;
				GCC_NO_COMMON_BLOCKS = YES;
				GCC_WARN_64_TO_32_BIT_CONVERSION = YES;
				GCC_WARN_ABOUT_RETURN_TYPE = YES_ERROR;
				GCC_WARN_UNDECLARED_SELECTOR = YES;
				GCC_WARN_UNINITIALIZED_AUTOS = YES_AGGRESSIVE;
				GCC_WARN_UNUSED_FUNCTION = YES;
				GCC_WARN_UNUSED_VARIABLE = YES;
				IPHONEOS_DEPLOYMENT_TARGET = 17.0;
				LOCALIZATION_PREFERS_STRING_CATALOGS = YES;
				MTL_ENABLE_DEBUG_INFO = NO;
				MTL_FAST_MATH = YES;
				SDKROOT = iphoneos;
				SWIFT_COMPILATION_MODE = wholemodule;
				VALIDATE_PRODUCT = YES;
			};
			name = Release;
		};
		F1CFEBE52B168D90007A70F5 /* Debug */ = {
			isa = XCBuildConfiguration;
			buildSettings = {
				ASSETCATALOG_COMPILER_APPICON_NAME = AppIcon;
				ASSETCATALOG_COMPILER_GLOBAL_ACCENT_COLOR_NAME = AccentColor;
				CODE_SIGN_STYLE = Automatic;
				CURRENT_PROJECT_VERSION = 1;
				DEVELOPMENT_ASSET_PATHS = "\"NearMe/Preview Content\"";
				DEVELOPMENT_TEAM = 6W96N4J2BC;
				ENABLE_PREVIEWS = YES;
				GENERATE_INFOPLIST_FILE = YES;
				INFOPLIST_KEY_NSLocationWhenInUseUsageDescription = "NearMe requires your location to work";
				INFOPLIST_KEY_UIApplicationSceneManifest_Generation = YES;
				INFOPLIST_KEY_UIApplicationSupportsIndirectInputEvents = YES;
				INFOPLIST_KEY_UILaunchScreen_Generation = YES;
				INFOPLIST_KEY_UISupportedInterfaceOrientations_iPad = "UIInterfaceOrientationPortrait UIInterfaceOrientationPortraitUpsideDown UIInterfaceOrientationLandscapeLeft UIInterfaceOrientationLandscapeRight";
				INFOPLIST_KEY_UISupportedInterfaceOrientations_iPhone = "UIInterfaceOrientationPortrait UIInterfaceOrientationLandscapeLeft UIInterfaceOrientationLandscapeRight";
				LD_RUNPATH_SEARCH_PATHS = (
					"$(inherited)",
					"@executable_path/Frameworks",
				);
				MARKETING_VERSION = 1.0;
				PRODUCT_BUNDLE_IDENTIFIER = com.monty.NearMe;
				PRODUCT_NAME = "$(TARGET_NAME)";
				SWIFT_EMIT_LOC_STRINGS = YES;
				SWIFT_VERSION = 5.0;
				TARGETED_DEVICE_FAMILY = "1,2";
			};
			name = Debug;
		};
		F1CFEBE62B168D90007A70F5 /* Release */ = {
			isa = XCBuildConfiguration;
			buildSettings = {
				ASSETCATALOG_COMPILER_APPICON_NAME = AppIcon;
				ASSETCATALOG_COMPILER_GLOBAL_ACCENT_COLOR_NAME = AccentColor;
				CODE_SIGN_STYLE = Automatic;
				CURRENT_PROJECT_VERSION = 1;
				DEVELOPMENT_ASSET_PATHS = "\"NearMe/Preview Content\"";
				DEVELOPMENT_TEAM = 6W96N4J2BC;
				ENABLE_PREVIEWS = YES;
				GENERATE_INFOPLIST_FILE = YES;
				INFOPLIST_KEY_NSLocationWhenInUseUsageDescription = "NearMe requires your location to work";
				INFOPLIST_KEY_UIApplicationSceneManifest_Generation = YES;
				INFOPLIST_KEY_UIApplicationSupportsIndirectInputEvents = YES;
				INFOPLIST_KEY_UILaunchScreen_Generation = YES;
				INFOPLIST_KEY_UISupportedInterfaceOrientations_iPad = "UIInterfaceOrientationPortrait UIInterfaceOrientationPortraitUpsideDown UIInterfaceOrientationLandscapeLeft UIInterfaceOrientationLandscapeRight";
				INFOPLIST_KEY_UISupportedInterfaceOrientations_iPhone = "UIInterfaceOrientationPortrait UIInterfaceOrientationLandscapeLeft UIInterfaceOrientationLandscapeRight";
				LD_RUNPATH_SEARCH_PATHS = (
					"$(inherited)",
					"@executable_path/Frameworks",
				);
				MARKETING_VERSION = 1.0;
				PRODUCT_BUNDLE_IDENTIFIER = com.monty.NearMe;
				PRODUCT_NAME = "$(TARGET_NAME)";
				SWIFT_EMIT_LOC_STRINGS = YES;
				SWIFT_VERSION = 5.0;
				TARGETED_DEVICE_FAMILY = "1,2";
			};
			name = Release;
		};
/* End XCBuildConfiguration section */

/* Begin XCConfigurationList section */
		F1CFEBD12B168D8E007A70F5 /* Build configuration list for PBXProject "NearMe" */ = {
			isa = XCConfigurationList;
			buildConfigurations = (
				F1CFEBE22B168D90007A70F5 /* Debug */,
				F1CFEBE32B168D90007A70F5 /* Release */,
			);
			defaultConfigurationIsVisible = 0;
			defaultConfigurationName = Release;
		};
		F1CFEBE42B168D90007A70F5 /* Build configuration list for PBXNativeTarget "NearMe" */ = {
			isa = XCConfigurationList;
			buildConfigurations = (
				F1CFEBE52B168D90007A70F5 /* Debug */,
				F1CFEBE62B168D90007A70F5 /* Release */,
			);
			defaultConfigurationIsVisible = 0;
			defaultConfigurationName = Release;
		};
/* End XCConfigurationList section */
	};
	rootObject = F1CFEBCE2B168D8E007A70F5 /* Project object */;
}
